
Microsoft Visual Studio Solution File, Format Version 12.00
# Visual Studio Version 16
VisualStudioVersion = 16.0.30503.244
MinimumVisualStudioVersion = 10.0.40219.1
Project("{FAE04EC0-301F-11D3-BF4B-00C04F79EFBC}") = "Excepciones", "Excepciones\Excepciones.csproj", "{1F512BF7-8BC6-4510-9B69-5E4F73BF3CA1}"
EndProject
Project("{FAE04EC0-301F-11D3-BF4B-00C04F79EFBC}") = "Entidades", "Clases Instanciables\Entidades.csproj", "{AF5089F9-32C4-4165-8753-B513BD7D11BB}"
EndProject
Project("{FAE04EC0-301F-11D3-BF4B-00C04F79EFBC}") = "Archivos", "Archivos\Archivos.csproj", "{EB2F0551-FF0E-4DC7-971F-4F975E8B449D}"
EndProject
Project("{FAE04EC0-301F-11D3-BF4B-00C04F79EFBC}") = "Test_Unitarios", "Test_Unitarios\Test_Unitarios.csproj", "{9C6682E9-228A-471A-96D4-23E0920CDFC8}"
EndProject
Project("{FAE04EC0-301F-11D3-BF4B-00C04F79EFBC}") = "Test", "Test\Test.csproj", "{A737155A-D845-45CD-A61D-0CD7F4D5859D}"
EndProject
Project("{FAE04EC0-301F-11D3-BF4B-00C04F79EFBC}") = "WindowsForms", "WindowsForms\WindowsForms.csproj", "{7F2D4C89-8797-467F-99AE-3BC654CF9C44}"
EndProject
Global
	GlobalSection(SolutionConfigurationPlatforms) = preSolution
		Debug|Any CPU = Debug|Any CPU
		Release|Any CPU = Release|Any CPU
	EndGlobalSection
	GlobalSection(ProjectConfigurationPlatforms) = postSolution
		{1F512BF7-8BC6-4510-9B69-5E4F73BF3CA1}.Debug|Any CPU.ActiveCfg = Debug|Any CPU
		{1F512BF7-8BC6-4510-9B69-5E4F73BF3CA1}.Debug|Any CPU.Build.0 = Debug|Any CPU
		{1F512BF7-8BC6-4510-9B69-5E4F73BF3CA1}.Release|Any CPU.ActiveCfg = Release|Any CPU
		{1F512BF7-8BC6-4510-9B69-5E4F73BF3CA1}.Release|Any CPU.Build.0 = Release|Any CPU
		{AF5089F9-32C4-4165-8753-B513BD7D11BB}.Debug|Any CPU.ActiveCfg = Debug|Any CPU
		{AF5089F9-32C4-4165-8753-B513BD7D11BB}.Debug|Any CPU.Build.0 = Debug|Any CPU
		{AF5089F9-32C4-4165-8753-B513BD7D11BB}.Release|Any CPU.ActiveCfg = Release|Any CPU
		{AF5089F9-32C4-4165-8753-B513BD7D11BB}.Release|Any CPU.Build.0 = Release|Any CPU
		{EB2F0551-FF0E-4DC7-971F-4F975E8B449D}.Debug|Any CPU.ActiveCfg = Debug|Any CPU
		{EB2F0551-FF0E-4DC7-971F-4F975E8B449D}.Debug|Any CPU.Build.0 = Debug|Any CPU
		{EB2F0551-FF0E-4DC7-971F-4F975E8B449D}.Release|Any CPU.ActiveCfg = Release|Any CPU
		{EB2F0551-FF0E-4DC7-971F-4F975E8B449D}.Release|Any CPU.Build.0 = Release|Any CPU
		{9C6682E9-228A-471A-96D4-23E0920CDFC8}.Debug|Any CPU.ActiveCfg = Debug|Any CPU
		{9C6682E9-228A-471A-96D4-23E0920CDFC8}.Debug|Any CPU.Build.0 = Debug|Any CPU
		{9C6682E9-228A-471A-96D4-23E0920CDFC8}.Release|Any CPU.ActiveCfg = Release|Any CPU
		{9C6682E9-228A-471A-96D4-23E0920CDFC8}.Release|Any CPU.Build.0 = Release|Any CPU
		{A737155A-D845-45CD-A61D-0CD7F4D5859D}.Debug|Any CPU.ActiveCfg = Debug|Any CPU
		{A737155A-D845-45CD-A61D-0CD7F4D5859D}.Debug|Any CPU.Build.0 = Debug|Any CPU
		{A737155A-D845-45CD-A61D-0CD7F4D5859D}.Release|Any CPU.ActiveCfg = Release|Any CPU
		{A737155A-D845-45CD-A61D-0CD7F4D5859D}.Release|Any CPU.Build.0 = Release|Any CPU
		{7F2D4C89-8797-467F-99AE-3BC654CF9C44}.Debug|Any CPU.ActiveCfg = Debug|Any CPU
		{7F2D4C89-8797-467F-99AE-3BC654CF9C44}.Debug|Any CPU.Build.0 = Debug|Any CPU
		{7F2D4C89-8797-467F-99AE-3BC654CF9C44}.Release|Any CPU.ActiveCfg = Release|Any CPU
		{7F2D4C89-8797-467F-99AE-3BC654CF9C44}.Release|Any CPU.Build.0 = Release|Any CPU
	EndGlobalSection
	GlobalSection(SolutionProperties) = preSolution
		HideSolutionNode = FALSE
	EndGlobalSection
	GlobalSection(ExtensibilityGlobals) = postSolution
		SolutionGuid = {90944A26-4D53-41D1-9F8C-772725134629}
	EndGlobalSection
EndGlobal
